// !$*UTF8*$!
{
	archiveVersion = 1;
	classes = {
	};
	objectVersion = 55;
	objects = {

/* Begin PBXBuildFile section */
		9CA614BF27FD8198008DCA90 /* AppDelegate.swift in Sources */ = {isa = PBXBuildFile; fileRef = 9CA614BE27FD8198008DCA90 /* AppDelegate.swift */; };
		9CA614C627FD8198008DCA90 /* Main.storyboard in Resources */ = {isa = PBXBuildFile; fileRef = 9CA614C427FD8198008DCA90 /* Main.storyboard */; };
		9CA614C827FD8198008DCA90 /* Assets.xcassets in Resources */ = {isa = PBXBuildFile; fileRef = 9CA614C727FD8198008DCA90 /* Assets.xcassets */; };
		9CA614CB27FD8198008DCA90 /* LaunchScreen.storyboard in Resources */ = {isa = PBXBuildFile; fileRef = 9CA614C927FD8198008DCA90 /* LaunchScreen.storyboard */; };
		9CA614D327FD8211008DCA90 /* Course.swift in Sources */ = {isa = PBXBuildFile; fileRef = 9CA614D227FD8211008DCA90 /* Course.swift */; };
		9CA614D627FD8236008DCA90 /* NetworkManager.swift in Sources */ = {isa = PBXBuildFile; fileRef = 9CA614D527FD8236008DCA90 /* NetworkManager.swift */; };
		9CA614D927FD8259008DCA90 /* ImageManager.swift in Sources */ = {isa = PBXBuildFile; fileRef = 9CA614D827FD8259008DCA90 /* ImageManager.swift */; };
		9CA614DB27FD826E008DCA90 /* DataManager.swift in Sources */ = {isa = PBXBuildFile; fileRef = 9CA614DA27FD826E008DCA90 /* DataManager.swift */; };
		9CD7A5022802DBE90065F21C /* CourseListPresenter.swift in Sources */ = {isa = PBXBuildFile; fileRef = 9CD7A4FC2802DBE90065F21C /* CourseListPresenter.swift */; };
		9CD7A5042802DBE90065F21C /* CourseListRouter.swift in Sources */ = {isa = PBXBuildFile; fileRef = 9CD7A4FE2802DBE90065F21C /* CourseListRouter.swift */; };
		9CD7A5052802DBE90065F21C /* CourseListModels.swift in Sources */ = {isa = PBXBuildFile; fileRef = 9CD7A4FF2802DBE90065F21C /* CourseListModels.swift */; };
		9CD7A5062802DBE90065F21C /* CourseListViewController.swift in Sources */ = {isa = PBXBuildFile; fileRef = 9CD7A5002802DBE90065F21C /* CourseListViewController.swift */; };
		9CD7A5072802DBE90065F21C /* CourseListInteractor.swift in Sources */ = {isa = PBXBuildFile; fileRef = 9CD7A5012802DBE90065F21C /* CourseListInteractor.swift */; };
		9CD7A5092802F03E0065F21C /* CourseTableViewCell.swift in Sources */ = {isa = PBXBuildFile; fileRef = 9CD7A5082802F03E0065F21C /* CourseTableViewCell.swift */; };
		9CD7A50C280326B00065F21C /* CourseListConfigurator.swift in Sources */ = {isa = PBXBuildFile; fileRef = 9CD7A50B280326B00065F21C /* CourseListConfigurator.swift */; };
		9CF4CAD327FDF58B00E621FC /* CourseDetailsPresenter.swift in Sources */ = {isa = PBXBuildFile; fileRef = 9CF4CACD27FDF58B00E621FC /* CourseDetailsPresenter.swift */; };
		9CF4CAD427FDF58B00E621FC /* CourseDetailsWorker.swift in Sources */ = {isa = PBXBuildFile; fileRef = 9CF4CACE27FDF58B00E621FC /* CourseDetailsWorker.swift */; };
		9CF4CAD527FDF58B00E621FC /* CourseDetailsRouter.swift in Sources */ = {isa = PBXBuildFile; fileRef = 9CF4CACF27FDF58B00E621FC /* CourseDetailsRouter.swift */; };
		9CF4CAD627FDF58B00E621FC /* CourseDetailsModels.swift in Sources */ = {isa = PBXBuildFile; fileRef = 9CF4CAD027FDF58B00E621FC /* CourseDetailsModels.swift */; };
		9CF4CAD727FDF58B00E621FC /* CourseDetailsViewController.swift in Sources */ = {isa = PBXBuildFile; fileRef = 9CF4CAD127FDF58B00E621FC /* CourseDetailsViewController.swift */; };
		9CF4CAD827FDF58B00E621FC /* CourseDetailsInteractor.swift in Sources */ = {isa = PBXBuildFile; fileRef = 9CF4CAD227FDF58B00E621FC /* CourseDetailsInteractor.swift */; };
/* End PBXBuildFile section */

/* Begin PBXFileReference section */
		9CA614BB27FD8198008DCA90 /* CleanSwiftCourses.app */ = {isa = PBXFileReference; explicitFileType = wrapper.application; includeInIndex = 0; path = CleanSwiftCourses.app; sourceTree = BUILT_PRODUCTS_DIR; };
		9CA614BE27FD8198008DCA90 /* AppDelegate.swift */ = {isa = PBXFileReference; lastKnownFileType = sourcecode.swift; path = AppDelegate.swift; sourceTree = "<group>"; };
		9CA614C527FD8198008DCA90 /* Base */ = {isa = PBXFileReference; lastKnownFileType = file.storyboard; name = Base; path = Base.lproj/Main.storyboard; sourceTree = "<group>"; };
		9CA614C727FD8198008DCA90 /* Assets.xcassets */ = {isa = PBXFileReference; lastKnownFileType = folder.assetcatalog; path = Assets.xcassets; sourceTree = "<group>"; };
		9CA614CA27FD8198008DCA90 /* Base */ = {isa = PBXFileReference; lastKnownFileType = file.storyboard; name = Base; path = Base.lproj/LaunchScreen.storyboard; sourceTree = "<group>"; };
		9CA614CC27FD8198008DCA90 /* Info.plist */ = {isa = PBXFileReference; lastKnownFileType = text.plist.xml; path = Info.plist; sourceTree = "<group>"; };
		9CA614D227FD8211008DCA90 /* Course.swift */ = {isa = PBXFileReference; lastKnownFileType = sourcecode.swift; path = Course.swift; sourceTree = "<group>"; };
		9CA614D527FD8236008DCA90 /* NetworkManager.swift */ = {isa = PBXFileReference; lastKnownFileType = sourcecode.swift; path = NetworkManager.swift; sourceTree = "<group>"; };
		9CA614D827FD8259008DCA90 /* ImageManager.swift */ = {isa = PBXFileReference; lastKnownFileType = sourcecode.swift; path = ImageManager.swift; sourceTree = "<group>"; };
		9CA614DA27FD826E008DCA90 /* DataManager.swift */ = {isa = PBXFileReference; lastKnownFileType = sourcecode.swift; path = DataManager.swift; sourceTree = "<group>"; };
		9CD7A4FC2802DBE90065F21C /* CourseListPresenter.swift */ = {isa = PBXFileReference; lastKnownFileType = sourcecode.swift; path = CourseListPresenter.swift; sourceTree = "<group>"; };
		9CD7A4FE2802DBE90065F21C /* CourseListRouter.swift */ = {isa = PBXFileReference; lastKnownFileType = sourcecode.swift; path = CourseListRouter.swift; sourceTree = "<group>"; };
		9CD7A4FF2802DBE90065F21C /* CourseListModels.swift */ = {isa = PBXFileReference; lastKnownFileType = sourcecode.swift; path = CourseListModels.swift; sourceTree = "<group>"; };
		9CD7A5002802DBE90065F21C /* CourseListViewController.swift */ = {isa = PBXFileReference; lastKnownFileType = sourcecode.swift; path = CourseListViewController.swift; sourceTree = "<group>"; };
		9CD7A5012802DBE90065F21C /* CourseListInteractor.swift */ = {isa = PBXFileReference; lastKnownFileType = sourcecode.swift; path = CourseListInteractor.swift; sourceTree = "<group>"; };
		9CD7A5082802F03E0065F21C /* CourseTableViewCell.swift */ = {isa = PBXFileReference; lastKnownFileType = sourcecode.swift; path = CourseTableViewCell.swift; sourceTree = "<group>"; };
		9CD7A50B280326B00065F21C /* CourseListConfigurator.swift */ = {isa = PBXFileReference; lastKnownFileType = sourcecode.swift; path = CourseListConfigurator.swift; sourceTree = "<group>"; };
		9CF4CACD27FDF58B00E621FC /* CourseDetailsPresenter.swift */ = {isa = PBXFileReference; lastKnownFileType = sourcecode.swift; path = CourseDetailsPresenter.swift; sourceTree = "<group>"; };
		9CF4CACE27FDF58B00E621FC /* CourseDetailsWorker.swift */ = {isa = PBXFileReference; lastKnownFileType = sourcecode.swift; path = CourseDetailsWorker.swift; sourceTree = "<group>"; };
		9CF4CACF27FDF58B00E621FC /* CourseDetailsRouter.swift */ = {isa = PBXFileReference; lastKnownFileType = sourcecode.swift; path = CourseDetailsRouter.swift; sourceTree = "<group>"; };
		9CF4CAD027FDF58B00E621FC /* CourseDetailsModels.swift */ = {isa = PBXFileReference; lastKnownFileType = sourcecode.swift; path = CourseDetailsModels.swift; sourceTree = "<group>"; };
		9CF4CAD127FDF58B00E621FC /* CourseDetailsViewController.swift */ = {isa = PBXFileReference; lastKnownFileType = sourcecode.swift; path = CourseDetailsViewController.swift; sourceTree = "<group>"; };
		9CF4CAD227FDF58B00E621FC /* CourseDetailsInteractor.swift */ = {isa = PBXFileReference; lastKnownFileType = sourcecode.swift; path = CourseDetailsInteractor.swift; sourceTree = "<group>"; };
/* End PBXFileReference section */

/* Begin PBXFrameworksBuildPhase section */
		9CA614B827FD8198008DCA90 /* Frameworks */ = {
			isa = PBXFrameworksBuildPhase;
			buildActionMask = 2147483647;
			files = (
			);
			runOnlyForDeploymentPostprocessing = 0;
		};
/* End PBXFrameworksBuildPhase section */

/* Begin PBXGroup section */
		9CA614B227FD8198008DCA90 = {
			isa = PBXGroup;
			children = (
				9CA614BD27FD8198008DCA90 /* CleanSwiftCourses */,
				9CA614BC27FD8198008DCA90 /* Products */,
			);
			sourceTree = "<group>";
		};
		9CA614BC27FD8198008DCA90 /* Products */ = {
			isa = PBXGroup;
			children = (
				9CA614BB27FD8198008DCA90 /* CleanSwiftCourses.app */,
			);
			name = Products;
			sourceTree = "<group>";
		};
		9CA614BD27FD8198008DCA90 /* CleanSwiftCourses */ = {
			isa = PBXGroup;
			children = (
				9CD7A4FB2802DB580065F21C /* CourseList */,
				9CF4CAC227FD869B00E621FC /* CourseDetails */,
				9CA614D427FD821A008DCA90 /* Models */,
				9CA614D727FD8247008DCA90 /* Services */,
				9CA614DC27FD827E008DCA90 /* Storyboard */,
				9CA614DE27FD829E008DCA90 /* Supporting Files */,
				9CA614DD27FD8290008DCA90 /* Resources */,
			);
			path = CleanSwiftCourses;
			sourceTree = "<group>";
		};
		9CA614D427FD821A008DCA90 /* Models */ = {
			isa = PBXGroup;
			children = (
				9CA614D227FD8211008DCA90 /* Course.swift */,
			);
			path = Models;
			sourceTree = "<group>";
		};
		9CA614D727FD8247008DCA90 /* Services */ = {
			isa = PBXGroup;
			children = (
				9CA614D527FD8236008DCA90 /* NetworkManager.swift */,
				9CA614D827FD8259008DCA90 /* ImageManager.swift */,
				9CA614DA27FD826E008DCA90 /* DataManager.swift */,
			);
			path = Services;
			sourceTree = "<group>";
		};
		9CA614DC27FD827E008DCA90 /* Storyboard */ = {
			isa = PBXGroup;
			children = (
				9CA614C427FD8198008DCA90 /* Main.storyboard */,
				9CA614C927FD8198008DCA90 /* LaunchScreen.storyboard */,
			);
			path = Storyboard;
			sourceTree = "<group>";
		};
		9CA614DD27FD8290008DCA90 /* Resources */ = {
			isa = PBXGroup;
			children = (
				9CA614C727FD8198008DCA90 /* Assets.xcassets */,
			);
			path = Resources;
			sourceTree = "<group>";
		};
		9CA614DE27FD829E008DCA90 /* Supporting Files */ = {
			isa = PBXGroup;
			children = (
				9CA614BE27FD8198008DCA90 /* AppDelegate.swift */,
				9CA614CC27FD8198008DCA90 /* Info.plist */,
			);
			path = "Supporting Files";
			sourceTree = "<group>";
		};
		9CD7A4FB2802DB580065F21C /* CourseList */ = {
			isa = PBXGroup;
			children = (
				9CD7A50A2802F0570065F21C /* CourseCell */,
				9CD7A5002802DBE90065F21C /* CourseListViewController.swift */,
				9CD7A5012802DBE90065F21C /* CourseListInteractor.swift */,
				9CD7A4FC2802DBE90065F21C /* CourseListPresenter.swift */,
				9CD7A4FE2802DBE90065F21C /* CourseListRouter.swift */,
				9CD7A4FF2802DBE90065F21C /* CourseListModels.swift */,
				9CD7A50B280326B00065F21C /* CourseListConfigurator.swift */,
			);
			path = CourseList;
			sourceTree = "<group>";
		};
		9CD7A50A2802F0570065F21C /* CourseCell */ = {
			isa = PBXGroup;
			children = (
				9CD7A5082802F03E0065F21C /* CourseTableViewCell.swift */,
			);
			path = CourseCell;
			sourceTree = "<group>";
		};
		9CF4CAC227FD869B00E621FC /* CourseDetails */ = {
			isa = PBXGroup;
			children = (
				9CF4CAD127FDF58B00E621FC /* CourseDetailsViewController.swift */,
				9CF4CAD227FDF58B00E621FC /* CourseDetailsInteractor.swift */,
				9CF4CACD27FDF58B00E621FC /* CourseDetailsPresenter.swift */,
				9CF4CACE27FDF58B00E621FC /* CourseDetailsWorker.swift */,
				9CF4CACF27FDF58B00E621FC /* CourseDetailsRouter.swift */,
				9CF4CAD027FDF58B00E621FC /* CourseDetailsModels.swift */,
			);
			path = CourseDetails;
			sourceTree = "<group>";
		};
/* End PBXGroup section */

/* Begin PBXNativeTarget section */
		9CA614BA27FD8198008DCA90 /* CleanSwiftCourses */ = {
			isa = PBXNativeTarget;
			buildConfigurationList = 9CA614CF27FD8198008DCA90 /* Build configuration list for PBXNativeTarget "CleanSwiftCourses" */;
			buildPhases = (
				9CA614B727FD8198008DCA90 /* Sources */,
				9CA614B827FD8198008DCA90 /* Frameworks */,
				9CA614B927FD8198008DCA90 /* Resources */,
			);
			buildRules = (
			);
			dependencies = (
			);
			name = CleanSwiftCourses;
			productName = CleanSwiftCourses;
			productReference = 9CA614BB27FD8198008DCA90 /* CleanSwiftCourses.app */;
			productType = "com.apple.product-type.application";
		};
/* End PBXNativeTarget section */

/* Begin PBXProject section */
		9CA614B327FD8198008DCA90 /* Project object */ = {
			isa = PBXProject;
			attributes = {
				BuildIndependentTargetsInParallel = 1;
				LastSwiftUpdateCheck = 1330;
				LastUpgradeCheck = 1330;
				TargetAttributes = {
					9CA614BA27FD8198008DCA90 = {
						CreatedOnToolsVersion = 13.3;
					};
				};
			};
			buildConfigurationList = 9CA614B627FD8198008DCA90 /* Build configuration list for PBXProject "CleanSwiftCourses" */;
			compatibilityVersion = "Xcode 13.0";
			developmentRegion = en;
			hasScannedForEncodings = 0;
			knownRegions = (
				en,
				Base,
			);
			mainGroup = 9CA614B227FD8198008DCA90;
			productRefGroup = 9CA614BC27FD8198008DCA90 /* Products */;
			projectDirPath = "";
			projectRoot = "";
			targets = (
				9CA614BA27FD8198008DCA90 /* CleanSwiftCourses */,
			);
		};
/* End PBXProject section */

/* Begin PBXResourcesBuildPhase section */
		9CA614B927FD8198008DCA90 /* Resources */ = {
			isa = PBXResourcesBuildPhase;
			buildActionMask = 2147483647;
			files = (
				9CA614CB27FD8198008DCA90 /* LaunchScreen.storyboard in Resources */,
				9CA614C827FD8198008DCA90 /* Assets.xcassets in Resources */,
				9CA614C627FD8198008DCA90 /* Main.storyboard in Resources */,
			);
			runOnlyForDeploymentPostprocessing = 0;
		};
/* End PBXResourcesBuildPhase section */

/* Begin PBXSourcesBuildPhase section */
		9CA614B727FD8198008DCA90 /* Sources */ = {
			isa = PBXSourcesBuildPhase;
			buildActionMask = 2147483647;
			files = (
				9CD7A5042802DBE90065F21C /* CourseListRouter.swift in Sources */,
				9CD7A5072802DBE90065F21C /* CourseListInteractor.swift in Sources */,
				9CA614D327FD8211008DCA90 /* Course.swift in Sources */,
				9CD7A5052802DBE90065F21C /* CourseListModels.swift in Sources */,
				9CA614D627FD8236008DCA90 /* NetworkManager.swift in Sources */,
				9CA614DB27FD826E008DCA90 /* DataManager.swift in Sources */,
				9CF4CAD827FDF58B00E621FC /* CourseDetailsInteractor.swift in Sources */,
				9CA614D927FD8259008DCA90 /* ImageManager.swift in Sources */,
				9CA614BF27FD8198008DCA90 /* AppDelegate.swift in Sources */,
				9CF4CAD727FDF58B00E621FC /* CourseDetailsViewController.swift in Sources */,
				9CD7A5022802DBE90065F21C /* CourseListPresenter.swift in Sources */,
				9CD7A50C280326B00065F21C /* CourseListConfigurator.swift in Sources */,
				9CF4CAD427FDF58B00E621FC /* CourseDetailsWorker.swift in Sources */,
				9CD7A5062802DBE90065F21C /* CourseListViewController.swift in Sources */,
				9CF4CAD327FDF58B00E621FC /* CourseDetailsPresenter.swift in Sources */,
				9CD7A5092802F03E0065F21C /* CourseTableViewCell.swift in Sources */,
				9CF4CAD527FDF58B00E621FC /* CourseDetailsRouter.swift in Sources */,
				9CF4CAD627FDF58B00E621FC /* CourseDetailsModels.swift in Sources */,
			);
			runOnlyForDeploymentPostprocessing = 0;
		};
/* End PBXSourcesBuildPhase section */

/* Begin PBXVariantGroup section */
		9CA614C427FD8198008DCA90 /* Main.storyboard */ = {
			isa = PBXVariantGroup;
			children = (
				9CA614C527FD8198008DCA90 /* Base */,
			);
			name = Main.storyboard;
			sourceTree = "<group>";
		};
		9CA614C927FD8198008DCA90 /* LaunchScreen.storyboard */ = {
			isa = PBXVariantGroup;
			children = (
				9CA614CA27FD8198008DCA90 /* Base */,
			);
			name = LaunchScreen.storyboard;
			sourceTree = "<group>";
		};
/* End PBXVariantGroup section */

/* Begin XCBuildConfiguration section */
		9CA614CD27FD8198008DCA90 /* Debug */ = {
			isa = XCBuildConfiguration;
			buildSettings = {
				ALWAYS_SEARCH_USER_PATHS = NO;
				CLANG_ANALYZER_NONNULL = YES;
				CLANG_ANALYZER_NUMBER_OBJECT_CONVERSION = YES_AGGRESSIVE;
				CLANG_CXX_LANGUAGE_STANDARD = "gnu++17";
				CLANG_ENABLE_MODULES = YES;
				CLANG_ENABLE_OBJC_ARC = YES;
				CLANG_ENABLE_OBJC_WEAK = YES;
				CLANG_WARN_BLOCK_CAPTURE_AUTORELEASING = YES;
				CLANG_WARN_BOOL_CONVERSION = YES;
				CLANG_WARN_COMMA = YES;
				CLANG_WARN_CONSTANT_CONVERSION = YES;
				CLANG_WARN_DEPRECATED_OBJC_IMPLEMENTATIONS = YES;
				CLANG_WARN_DIRECT_OBJC_ISA_USAGE = YES_ERROR;
				CLANG_WARN_DOCUMENTATION_COMMENTS = YES;
				CLANG_WARN_EMPTY_BODY = YES;
				CLANG_WARN_ENUM_CONVERSION = YES;
				CLANG_WARN_INFINITE_RECURSION = YES;
				CLANG_WARN_INT_CONVERSION = YES;
				CLANG_WARN_NON_LITERAL_NULL_CONVERSION = YES;
				CLANG_WARN_OBJC_IMPLICIT_RETAIN_SELF = YES;
				CLANG_WARN_OBJC_LITERAL_CONVERSION = YES;
				CLANG_WARN_OBJC_ROOT_CLASS = YES_ERROR;
				CLANG_WARN_QUOTED_INCLUDE_IN_FRAMEWORK_HEADER = YES;
				CLANG_WARN_RANGE_LOOP_ANALYSIS = YES;
				CLANG_WARN_STRICT_PROTOTYPES = YES;
				CLANG_WARN_SUSPICIOUS_MOVE = YES;
				CLANG_WARN_UNGUARDED_AVAILABILITY = YES_AGGRESSIVE;
				CLANG_WARN_UNREACHABLE_CODE = YES;
				CLANG_WARN__DUPLICATE_METHOD_MATCH = YES;
				COPY_PHASE_STRIP = NO;
				DEBUG_INFORMATION_FORMAT = dwarf;
				ENABLE_STRICT_OBJC_MSGSEND = YES;
				ENABLE_TESTABILITY = YES;
				GCC_C_LANGUAGE_STANDARD = gnu11;
				GCC_DYNAMIC_NO_PIC = NO;
				GCC_NO_COMMON_BLOCKS = YES;
				GCC_OPTIMIZATION_LEVEL = 0;
				GCC_PREPROCESSOR_DEFINITIONS = (
					"DEBUG=1",
					"$(inherited)",
				);
				GCC_WARN_64_TO_32_BIT_CONVERSION = YES;
				GCC_WARN_ABOUT_RETURN_TYPE = YES_ERROR;
				GCC_WARN_UNDECLARED_SELECTOR = YES;
				GCC_WARN_UNINITIALIZED_AUTOS = YES_AGGRESSIVE;
				GCC_WARN_UNUSED_FUNCTION = YES;
				GCC_WARN_UNUSED_VARIABLE = YES;
				IPHONEOS_DEPLOYMENT_TARGET = 15.4;
				MTL_ENABLE_DEBUG_INFO = INCLUDE_SOURCE;
				MTL_FAST_MATH = YES;
				ONLY_ACTIVE_ARCH = YES;
				SDKROOT = iphoneos;
				SWIFT_ACTIVE_COMPILATION_CONDITIONS = DEBUG;
				SWIFT_OPTIMIZATION_LEVEL = "-Onone";
			};
			name = Debug;
		};
		9CA614CE27FD8198008DCA90 /* Release */ = {
			isa = XCBuildConfiguration;
			buildSettings = {
				ALWAYS_SEARCH_USER_PATHS = NO;
				CLANG_ANALYZER_NONNULL = YES;
				CLANG_ANALYZER_NUMBER_OBJECT_CONVERSION = YES_AGGRESSIVE;
				CLANG_CXX_LANGUAGE_STANDARD = "gnu++17";
				CLANG_ENABLE_MODULES = YES;
				CLANG_ENABLE_OBJC_ARC = YES;
				CLANG_ENABLE_OBJC_WEAK = YES;
				CLANG_WARN_BLOCK_CAPTURE_AUTORELEASING = YES;
				CLANG_WARN_BOOL_CONVERSION = YES;
				CLANG_WARN_COMMA = YES;
				CLANG_WARN_CONSTANT_CONVERSION = YES;
				CLANG_WARN_DEPRECATED_OBJC_IMPLEMENTATIONS = YES;
				CLANG_WARN_DIRECT_OBJC_ISA_USAGE = YES_ERROR;
				CLANG_WARN_DOCUMENTATION_COMMENTS = YES;
				CLANG_WARN_EMPTY_BODY = YES;
				CLANG_WARN_ENUM_CONVERSION = YES;
				CLANG_WARN_INFINITE_RECURSION = YES;
				CLANG_WARN_INT_CONVERSION = YES;
				CLANG_WARN_NON_LITERAL_NULL_CONVERSION = YES;
				CLANG_WARN_OBJC_IMPLICIT_RETAIN_SELF = YES;
				CLANG_WARN_OBJC_LITERAL_CONVERSION = YES;
				CLANG_WARN_OBJC_ROOT_CLASS = YES_ERROR;
				CLANG_WARN_QUOTED_INCLUDE_IN_FRAMEWORK_HEADER = YES;
				CLANG_WARN_RANGE_LOOP_ANALYSIS = YES;
				CLANG_WARN_STRICT_PROTOTYPES = YES;
				CLANG_WARN_SUSPICIOUS_MOVE = YES;
				CLANG_WARN_UNGUARDED_AVAILABILITY = YES_AGGRESSIVE;
				CLANG_WARN_UNREACHABLE_CODE = YES;
				CLANG_WARN__DUPLICATE_METHOD_MATCH = YES;
				COPY_PHASE_STRIP = NO;
				DEBUG_INFORMATION_FORMAT = "dwarf-with-dsym";
				ENABLE_NS_ASSERTIONS = NO;
				ENABLE_STRICT_OBJC_MSGSEND = YES;
				GCC_C_LANGUAGE_STANDARD = gnu11;
				GCC_NO_COMMON_BLOCKS = YES;
				GCC_WARN_64_TO_32_BIT_CONVERSION = YES;
				GCC_WARN_ABOUT_RETURN_TYPE = YES_ERROR;
				GCC_WARN_UNDECLARED_SELECTOR = YES;
				GCC_WARN_UNINITIALIZED_AUTOS = YES_AGGRESSIVE;
				GCC_WARN_UNUSED_FUNCTION = YES;
				GCC_WARN_UNUSED_VARIABLE = YES;
				IPHONEOS_DEPLOYMENT_TARGET = 15.4;
				MTL_ENABLE_DEBUG_INFO = NO;
				MTL_FAST_MATH = YES;
				SDKROOT = iphoneos;
				SWIFT_COMPILATION_MODE = wholemodule;
				SWIFT_OPTIMIZATION_LEVEL = "-O";
				VALIDATE_PRODUCT = YES;
			};
			name = Release;
		};
		9CA614D027FD8198008DCA90 /* Debug */ = {
			isa = XCBuildConfiguration;
			buildSettings = {
				ASSETCATALOG_COMPILER_APPICON_NAME = AppIcon;
				ASSETCATALOG_COMPILER_GLOBAL_ACCENT_COLOR_NAME = AccentColor;
				CODE_SIGN_STYLE = Automatic;
				CURRENT_PROJECT_VERSION = 1;
				DEVELOPMENT_TEAM = Q5RV2AMVQ8;
				GENERATE_INFOPLIST_FILE = YES;
				INFOPLIST_FILE = "CleanSwiftCourses/Supporting Files/Info.plist";
				INFOPLIST_KEY_UIApplicationSupportsIndirectInputEvents = YES;
				INFOPLIST_KEY_UILaunchStoryboardName = LaunchScreen;
				INFOPLIST_KEY_UIMainStoryboardFile = Main;
				INFOPLIST_KEY_UISupportedInterfaceOrientations_iPad = "UIInterfaceOrientationPortrait UIInterfaceOrientationPortraitUpsideDown UIInterfaceOrientationLandscapeLeft UIInterfaceOrientationLandscapeRight";
				INFOPLIST_KEY_UISupportedInterfaceOrientations_iPhone = "UIInterfaceOrientationPortrait UIInterfaceOrientationLandscapeLeft UIInterfaceOrientationLandscapeRight";
				LD_RUNPATH_SEARCH_PATHS = (
					"$(inherited)",
					"@executable_path/Frameworks",
				);
				MARKETING_VERSION = 1.0;
				PRODUCT_BUNDLE_IDENTIFIER = Bogdan.CleanSwiftCourses;
				PRODUCT_NAME = "$(TARGET_NAME)";
				SWIFT_EMIT_LOC_STRINGS = YES;
				SWIFT_VERSION = 5.0;
				TARGETED_DEVICE_FAMILY = "1,2";
			};
			name = Debug;
		};
		9CA614D127FD8198008DCA90 /* Release */ = {
			isa = XCBuildConfiguration;
			buildSettings = {
				ASSETCATALOG_COMPILER_APPICON_NAME = AppIcon;
				ASSETCATALOG_COMPILER_GLOBAL_ACCENT_COLOR_NAME = AccentColor;
				CODE_SIGN_STYLE = Automatic;
				CURRENT_PROJECT_VERSION = 1;
				DEVELOPMENT_TEAM = Q5RV2AMVQ8;
				GENERATE_INFOPLIST_FILE = YES;
				INFOPLIST_FILE = "CleanSwiftCourses/Supporting Files/Info.plist";
				INFOPLIST_KEY_UIApplicationSupportsIndirectInputEvents = YES;
				INFOPLIST_KEY_UILaunchStoryboardName = LaunchScreen;
				INFOPLIST_KEY_UIMainStoryboardFile = Main;
				INFOPLIST_KEY_UISupportedInterfaceOrientations_iPad = "UIInterfaceOrientationPortrait UIInterfaceOrientationPortraitUpsideDown UIInterfaceOrientationLandscapeLeft UIInterfaceOrientationLandscapeRight";
				INFOPLIST_KEY_UISupportedInterfaceOrientations_iPhone = "UIInterfaceOrientationPortrait UIInterfaceOrientationLandscapeLeft UIInterfaceOrientationLandscapeRight";
				LD_RUNPATH_SEARCH_PATHS = (
					"$(inherited)",
					"@executable_path/Frameworks",
				);
				MARKETING_VERSION = 1.0;
				PRODUCT_BUNDLE_IDENTIFIER = Bogdan.CleanSwiftCourses;
				PRODUCT_NAME = "$(TARGET_NAME)";
				SWIFT_EMIT_LOC_STRINGS = YES;
				SWIFT_VERSION = 5.0;
				TARGETED_DEVICE_FAMILY = "1,2";
			};
			name = Release;
		};
/* End XCBuildConfiguration section */

/* Begin XCConfigurationList section */
		9CA614B627FD8198008DCA90 /* Build configuration list for PBXProject "CleanSwiftCourses" */ = {
			isa = XCConfigurationList;
			buildConfigurations = (
				9CA614CD27FD8198008DCA90 /* Debug */,
				9CA614CE27FD8198008DCA90 /* Release */,
			);
			defaultConfigurationIsVisible = 0;
			defaultConfigurationName = Release;
		};
		9CA614CF27FD8198008DCA90 /* Build configuration list for PBXNativeTarget "CleanSwiftCourses" */ = {
			isa = XCConfigurationList;
			buildConfigurations = (
				9CA614D027FD8198008DCA90 /* Debug */,
				9CA614D127FD8198008DCA90 /* Release */,
			);
			defaultConfigurationIsVisible = 0;
			defaultConfigurationName = Release;
		};
/* End XCConfigurationList section */
	};
	rootObject = 9CA614B327FD8198008DCA90 /* Project object */;
}
